PODS:
  - AppAuth (0.92.0)
  - GTMAppAuth (0.7.0):
    - AppAuth (~> 0.92.0)
    - GTMSessionFetcher (~> 1.1)
  - GTMSessionFetcher (1.1.15):
    - GTMSessionFetcher/Full (= 1.1.15)
  - GTMSessionFetcher/Core (1.1.15)
  - GTMSessionFetcher/Full (1.1.15):
    - GTMSessionFetcher/Core (= 1.1.15)
  - Result (4.0.0)

DEPENDENCIES:
  - GTMAppAuth
  - Result (~> 4.0.0)

SPEC REPOS:
  https://github.com/cocoapods/specs.git:
    - AppAuth
    - GTMAppAuth
    - GTMSessionFetcher
    - Result

SPEC CHECKSUMS:
  AppAuth: 3f4f1d6d85ad631d0bbf15ffcdc10c447face97a
  GTMAppAuth: 8d724be29ab8f2f6d35b2bf929d76340c9d1f1b1
  GTMSessionFetcher: 5fa5b80fd20e439ef5f545fb2cb3ca6c6714caa2
  Result: 7645bb3f50c2ce726dd0ff2fa7b6f42bbe6c3713

PODFILE CHECKSUM: a1a941dc062428f8629c7e097cfc265ae9dc90a8

COCOAPODS: 1.5.3
